
Microsoft Visual Studio Solution File, Format Version 12.00
# Visual Studio Version 17
VisualStudioVersion = 17.13.35617.110 d17.13
MinimumVisualStudioVersion = 10.0.40219.1
Project("{FAE04EC0-301F-11D3-BF4B-00C04F79EFBC}") = "RW.Common", "RW.Common\RW.Common.csproj", "{98438980-C1F3-40DA-8687-778D5EDA436E}"
EndProject
Project("{FAE04EC0-301F-11D3-BF4B-00C04F79EFBC}") = "TestProject1", "Demo\TestProject1\TestProject1.csproj", "{0C91D200-9EAC-4906-9972-6F42FA0F3171}"
EndProject
Project("{2150E333-8FDC-42A3-9474-1A3956D46DE8}") = "Solution Items", "Solution Items", "{8EC462FD-D22E-90A8-E5CE-7E832BA40C5D}"
	ProjectSection(SolutionItems) = preProject
		.editorconfig = .editorconfig
		.gitattributes = .gitattributes
		.gitignore = .gitignore
		LICENSE.txt = LICENSE.txt
		README.md = README.md
	EndProjectSection
EndProject
Project("{FAE04EC0-301F-11D3-BF4B-00C04F79EFBC}") = "RW.Common.WPF", "RW.Common.WPF\RW.Common.WPF.csproj", "{C696B607-40C6-4060-A6ED-05D104FB8B3C}"
EndProject
Project("{2150E333-8FDC-42A3-9474-1A3956D46DE8}") = "Demo", "Demo", "{02EA681E-C7D8-13C7-8484-4AC65E1B71E8}"
EndProject
Global
	GlobalSection(SolutionConfigurationPlatforms) = preSolution
		Debug|Any CPU = Debug|Any CPU
		Release|Any CPU = Release|Any CPU
	EndGlobalSection
	GlobalSection(ProjectConfigurationPlatforms) = postSolution
		{98438980-C1F3-40DA-8687-778D5EDA436E}.Debug|Any CPU.ActiveCfg = Debug|Any CPU
		{98438980-C1F3-40DA-8687-778D5EDA436E}.Debug|Any CPU.Build.0 = Debug|Any CPU
		{98438980-C1F3-40DA-8687-778D5EDA436E}.Release|Any CPU.ActiveCfg = Release|Any CPU
		{98438980-C1F3-40DA-8687-778D5EDA436E}.Release|Any CPU.Build.0 = Release|Any CPU
		{0C91D200-9EAC-4906-9972-6F42FA0F3171}.Debug|Any CPU.ActiveCfg = Debug|Any CPU
		{0C91D200-9EAC-4906-9972-6F42FA0F3171}.Debug|Any CPU.Build.0 = Debug|Any CPU
		{0C91D200-9EAC-4906-9972-6F42FA0F3171}.Release|Any CPU.ActiveCfg = Release|Any CPU
		{0C91D200-9EAC-4906-9972-6F42FA0F3171}.Release|Any CPU.Build.0 = Release|Any CPU
		{C696B607-40C6-4060-A6ED-05D104FB8B3C}.Debug|Any CPU.ActiveCfg = Debug|Any CPU
		{C696B607-40C6-4060-A6ED-05D104FB8B3C}.Debug|Any CPU.Build.0 = Debug|Any CPU
		{C696B607-40C6-4060-A6ED-05D104FB8B3C}.Release|Any CPU.ActiveCfg = Release|Any CPU
		{C696B607-40C6-4060-A6ED-05D104FB8B3C}.Release|Any CPU.Build.0 = Release|Any CPU
	EndGlobalSection
	GlobalSection(SolutionProperties) = preSolution
		HideSolutionNode = FALSE
	EndGlobalSection
	GlobalSection(NestedProjects) = preSolution
		{0C91D200-9EAC-4906-9972-6F42FA0F3171} = {02EA681E-C7D8-13C7-8484-4AC65E1B71E8}
	EndGlobalSection
	GlobalSection(ExtensibilityGlobals) = postSolution
		SolutionGuid = {C5F2B7D4-235C-4F2D-A05D-A29BF71A237F}
	EndGlobalSection
EndGlobal
